
Microsoft Visual Studio Solution File, Format Version 12.00
# Visual Studio Version 16
VisualStudioVersion = 16.0.30717.126
MinimumVisualStudioVersion = 10.0.40219.1
Project("{FAE04EC0-301F-11D3-BF4B-00C04F79EFBC}") = "HappyTechApp", "HappyTechApp.csproj", "{9B9D519D-1C26-45D8-A26C-265650B5D322}"
EndProject
Global
	GlobalSection(SolutionConfigurationPlatforms) = preSolution
		Debug|Any CPU = Debug|Any CPU
		Release|Any CPU = Release|Any CPU
	EndGlobalSection
	GlobalSection(ProjectConfigurationPlatforms) = postSolution
		{9B9D519D-1C26-45D8-A26C-265650B5D322}.Debug|Any CPU.ActiveCfg = Debug|Any CPU
		{9B9D519D-1C26-45D8-A26C-265650B5D322}.Debug|Any CPU.Build.0 = Debug|Any CPU
		{9B9D519D-1C26-45D8-A26C-265650B5D322}.Release|Any CPU.ActiveCfg = Release|Any CPU
		{9B9D519D-1C26-45D8-A26C-265650B5D322}.Release|Any CPU.Build.0 = Release|Any CPU
	EndGlobalSection
	GlobalSection(SolutionProperties) = preSolution
		HideSolutionNode = FALSE
	EndGlobalSection
	GlobalSection(ExtensibilityGlobals) = postSolution
		SolutionGuid = {EEEECBFC-E837-4B28-98C6-E2D137568EC0}
	EndGlobalSection
EndGlobal
